
Microsoft Visual Studio Solution File, Format Version 12.00
# Visual Studio Version 16
VisualStudioVersion = 16.0.29306.81
MinimumVisualStudioVersion = 10.0.40219.1
Project("{9A19103F-16F7-4668-BE54-9A1E7A4F7556}") = "ClassLibrary", "ClassLibrary\ClassLibrary.csproj", "{92563BD0-97F9-4C32-ADAA-2AB2F79A8143}"
EndProject
Project("{FAE04EC0-301F-11D3-BF4B-00C04F79EFBC}") = "Views", "Views\Views.csproj", "{62832F54-678E-4294-90F5-7C2C99F205F1}"
	ProjectSection(ProjectDependencies) = postProject
		{92563BD0-97F9-4C32-ADAA-2AB2F79A8143} = {92563BD0-97F9-4C32-ADAA-2AB2F79A8143}
	EndProjectSection
EndProject
Global
	GlobalSection(SolutionConfigurationPlatforms) = preSolution
		Debug|Any CPU = Debug|Any CPU
		Release|Any CPU = Release|Any CPU
	EndGlobalSection
	GlobalSection(ProjectConfigurationPlatforms) = postSolution
		{92563BD0-97F9-4C32-ADAA-2AB2F79A8143}.Debug|Any CPU.ActiveCfg = Debug|Any CPU
		{92563BD0-97F9-4C32-ADAA-2AB2F79A8143}.Debug|Any CPU.Build.0 = Debug|Any CPU
		{92563BD0-97F9-4C32-ADAA-2AB2F79A8143}.Release|Any CPU.ActiveCfg = Release|Any CPU
		{92563BD0-97F9-4C32-ADAA-2AB2F79A8143}.Release|Any CPU.Build.0 = Release|Any CPU
		{62832F54-678E-4294-90F5-7C2C99F205F1}.Debug|Any CPU.ActiveCfg = Debug|Any CPU
		{62832F54-678E-4294-90F5-7C2C99F205F1}.Debug|Any CPU.Build.0 = Debug|Any CPU
		{62832F54-678E-4294-90F5-7C2C99F205F1}.Release|Any CPU.ActiveCfg = Release|Any CPU
		{62832F54-678E-4294-90F5-7C2C99F205F1}.Release|Any CPU.Build.0 = Release|Any CPU
	EndGlobalSection
	GlobalSection(SolutionProperties) = preSolution
		HideSolutionNode = FALSE
	EndGlobalSection
	GlobalSection(ExtensibilityGlobals) = postSolution
		SolutionGuid = {8FA2EFC4-6970-4019-8440-65E8FC37C944}
	EndGlobalSection
EndGlobal
